
Microsoft Visual Studio Solution File, Format Version 12.00
# Visual Studio Version 17
VisualStudioVersion = 17.8.34309.116
MinimumVisualStudioVersion = 10.0.40219.1
Project("{FAE04EC0-301F-11D3-BF4B-00C04F79EFBC}") = "AzureAppConfigurationSample", "AzureAppConfigurationSample\AzureAppConfigurationSample.csproj", "{D39E871A-F78F-4850-AE52-FA7ECEB1D3F7}"
EndProject
Global
	GlobalSection(SolutionConfigurationPlatforms) = preSolution
		Debug|Any CPU = Debug|Any CPU
		Release|Any CPU = Release|Any CPU
	EndGlobalSection
	GlobalSection(ProjectConfigurationPlatforms) = postSolution
		{D39E871A-F78F-4850-AE52-FA7ECEB1D3F7}.Debug|Any CPU.ActiveCfg = Debug|Any CPU
		{D39E871A-F78F-4850-AE52-FA7ECEB1D3F7}.Debug|Any CPU.Build.0 = Debug|Any CPU
		{D39E871A-F78F-4850-AE52-FA7ECEB1D3F7}.Release|Any CPU.ActiveCfg = Release|Any CPU
		{D39E871A-F78F-4850-AE52-FA7ECEB1D3F7}.Release|Any CPU.Build.0 = Release|Any CPU
	EndGlobalSection
	GlobalSection(SolutionProperties) = preSolution
		HideSolutionNode = FALSE
	EndGlobalSection
	GlobalSection(ExtensibilityGlobals) = postSolution
		SolutionGuid = {397A45B6-057A-4205-917C-ECA51C324999}
	EndGlobalSection
EndGlobal
